
Microsoft Visual Studio Solution File, Format Version 12.00
# Visual Studio Version 16
VisualStudioVersion = 16.0.30011.22
MinimumVisualStudioVersion = 10.0.40219.1
Project("{FAE04EC0-301F-11D3-BF4B-00C04F79EFBC}") = "App1_Estilo.UWP", "App1_Estilo\App1_Estilo.UWP\App1_Estilo.UWP.csproj", "{AB55AC82-B226-4547-8425-60712CB53DEF}"
EndProject
Project("{FAE04EC0-301F-11D3-BF4B-00C04F79EFBC}") = "App1_Estilo.Android", "App1_Estilo\App1_Estilo.Android\App1_Estilo.Android.csproj", "{F22C4B34-BEB2-4DB6-9AC8-87EB6CFB988C}"
EndProject
Project("{FAE04EC0-301F-11D3-BF4B-00C04F79EFBC}") = "App1_Estilo.iOS", "App1_Estilo\App1_Estilo.iOS\App1_Estilo.iOS.csproj", "{BF57B03E-1CE5-4D39-B3B6-4C4629892506}"
EndProject
Project("{FAE04EC0-301F-11D3-BF4B-00C04F79EFBC}") = "App1_Estilo", "App1_Estilo\App1_Estilo\App1_Estilo.csproj", "{8BCB5997-F3EA-4CBB-8DC1-7E09A04CB980}"
EndProject
Global
	GlobalSection(SolutionConfigurationPlatforms) = preSolution
		Debug|Any CPU = Debug|Any CPU
		Debug|ARM = Debug|ARM
		Debug|iPhone = Debug|iPhone
		Debug|iPhoneSimulator = Debug|iPhoneSimulator
		Debug|x64 = Debug|x64
		Debug|x86 = Debug|x86
		Release|Any CPU = Release|Any CPU
		Release|ARM = Release|ARM
		Release|iPhone = Release|iPhone
		Release|iPhoneSimulator = Release|iPhoneSimulator
		Release|x64 = Release|x64
		Release|x86 = Release|x86
	EndGlobalSection
	GlobalSection(ProjectConfigurationPlatforms) = postSolution
		{AB55AC82-B226-4547-8425-60712CB53DEF}.Debug|Any CPU.ActiveCfg = Debug|x86
		{AB55AC82-B226-4547-8425-60712CB53DEF}.Debug|Any CPU.Build.0 = Debug|x86
		{AB55AC82-B226-4547-8425-60712CB53DEF}.Debug|Any CPU.Deploy.0 = Debug|x86
		{AB55AC82-B226-4547-8425-60712CB53DEF}.Debug|ARM.ActiveCfg = Debug|ARM
		{AB55AC82-B226-4547-8425-60712CB53DEF}.Debug|ARM.Build.0 = Debug|ARM
		{AB55AC82-B226-4547-8425-60712CB53DEF}.Debug|ARM.Deploy.0 = Debug|ARM
		{AB55AC82-B226-4547-8425-60712CB53DEF}.Debug|iPhone.ActiveCfg = Debug|x86
		{AB55AC82-B226-4547-8425-60712CB53DEF}.Debug|iPhone.Build.0 = Debug|x86
		{AB55AC82-B226-4547-8425-60712CB53DEF}.Debug|iPhone.Deploy.0 = Debug|x86
		{AB55AC82-B226-4547-8425-60712CB53DEF}.Debug|iPhoneSimulator.ActiveCfg = Debug|x86
		{AB55AC82-B226-4547-8425-60712CB53DEF}.Debug|iPhoneSimulator.Build.0 = Debug|x86
		{AB55AC82-B226-4547-8425-60712CB53DEF}.Debug|iPhoneSimulator.Deploy.0 = Debug|x86
		{AB55AC82-B226-4547-8425-60712CB53DEF}.Debug|x64.ActiveCfg = Debug|x64
		{AB55AC82-B226-4547-8425-60712CB53DEF}.Debug|x64.Build.0 = Debug|x64
		{AB55AC82-B226-4547-8425-60712CB53DEF}.Debug|x64.Deploy.0 = Debug|x64
		{AB55AC82-B226-4547-8425-60712CB53DEF}.Debug|x86.ActiveCfg = Debug|x86
		{AB55AC82-B226-4547-8425-60712CB53DEF}.Debug|x86.Build.0 = Debug|x86
		{AB55AC82-B226-4547-8425-60712CB53DEF}.Debug|x86.Deploy.0 = Debug|x86
		{AB55AC82-B226-4547-8425-60712CB53DEF}.Release|Any CPU.ActiveCfg = Release|x86
		{AB55AC82-B226-4547-8425-60712CB53DEF}.Release|Any CPU.Build.0 = Release|x86
		{AB55AC82-B226-4547-8425-60712CB53DEF}.Release|Any CPU.Deploy.0 = Release|x86
		{AB55AC82-B226-4547-8425-60712CB53DEF}.Release|ARM.ActiveCfg = Release|ARM
		{AB55AC82-B226-4547-8425-60712CB53DEF}.Release|ARM.Build.0 = Release|ARM
		{AB55AC82-B226-4547-8425-60712CB53DEF}.Release|ARM.Deploy.0 = Release|ARM
		{AB55AC82-B226-4547-8425-60712CB53DEF}.Release|iPhone.ActiveCfg = Release|x86
		{AB55AC82-B226-4547-8425-60712CB53DEF}.Release|iPhone.Build.0 = Release|x86
		{AB55AC82-B226-4547-8425-60712CB53DEF}.Release|iPhone.Deploy.0 = Release|x86
		{AB55AC82-B226-4547-8425-60712CB53DEF}.Release|iPhoneSimulator.ActiveCfg = Release|x86
		{AB55AC82-B226-4547-8425-60712CB53DEF}.Release|iPhoneSimulator.Build.0 = Release|x86
		{AB55AC82-B226-4547-8425-60712CB53DEF}.Release|iPhoneSimulator.Deploy.0 = Release|x86
		{AB55AC82-B226-4547-8425-60712CB53DEF}.Release|x64.ActiveCfg = Release|x64
		{AB55AC82-B226-4547-8425-60712CB53DEF}.Release|x64.Build.0 = Release|x64
		{AB55AC82-B226-4547-8425-60712CB53DEF}.Release|x64.Deploy.0 = Release|x64
		{AB55AC82-B226-4547-8425-60712CB53DEF}.Release|x86.ActiveCfg = Release|x86
		{AB55AC82-B226-4547-8425-60712CB53DEF}.Release|x86.Build.0 = Release|x86
		{AB55AC82-B226-4547-8425-60712CB53DEF}.Release|x86.Deploy.0 = Release|x86
		{F22C4B34-BEB2-4DB6-9AC8-87EB6CFB988C}.Debug|Any CPU.ActiveCfg = Debug|Any CPU
		{F22C4B34-BEB2-4DB6-9AC8-87EB6CFB988C}.Debug|Any CPU.Build.0 = Debug|Any CPU
		{F22C4B34-BEB2-4DB6-9AC8-87EB6CFB988C}.Debug|Any CPU.Deploy.0 = Debug|Any CPU
		{F22C4B34-BEB2-4DB6-9AC8-87EB6CFB988C}.Debug|ARM.ActiveCfg = Debug|Any CPU
		{F22C4B34-BEB2-4DB6-9AC8-87EB6CFB988C}.Debug|ARM.Build.0 = Debug|Any CPU
		{F22C4B34-BEB2-4DB6-9AC8-87EB6CFB988C}.Debug|ARM.Deploy.0 = Debug|Any CPU
		{F22C4B34-BEB2-4DB6-9AC8-87EB6CFB988C}.Debug|iPhone.ActiveCfg = Debug|Any CPU
		{F22C4B34-BEB2-4DB6-9AC8-87EB6CFB988C}.Debug|iPhone.Build.0 = Debug|Any CPU
		{F22C4B34-BEB2-4DB6-9AC8-87EB6CFB988C}.Debug|iPhone.Deploy.0 = Debug|Any CPU
		{F22C4B34-BEB2-4DB6-9AC8-87EB6CFB988C}.Debug|iPhoneSimulator.ActiveCfg = Debug|Any CPU
		{F22C4B34-BEB2-4DB6-9AC8-87EB6CFB988C}.Debug|iPhoneSimulator.Build.0 = Debug|Any CPU
		{F22C4B34-BEB2-4DB6-9AC8-87EB6CFB988C}.Debug|iPhoneSimulator.Deploy.0 = Debug|Any CPU
		{F22C4B34-BEB2-4DB6-9AC8-87EB6CFB988C}.Debug|x64.ActiveCfg = Debug|Any CPU
		{F22C4B34-BEB2-4DB6-9AC8-87EB6CFB988C}.Debug|x64.Build.0 = Debug|Any CPU
		{F22C4B34-BEB2-4DB6-9AC8-87EB6CFB988C}.Debug|x64.Deploy.0 = Debug|Any CPU
		{F22C4B34-BEB2-4DB6-9AC8-87EB6CFB988C}.Debug|x86.ActiveCfg = Debug|Any CPU
		{F22C4B34-BEB2-4DB6-9AC8-87EB6CFB988C}.Debug|x86.Build.0 = Debug|Any CPU
		{F22C4B34-BEB2-4DB6-9AC8-87EB6CFB988C}.Debug|x86.Deploy.0 = Debug|Any CPU
		{F22C4B34-BEB2-4DB6-9AC8-87EB6CFB988C}.Release|Any CPU.ActiveCfg = Release|Any CPU
		{F22C4B34-BEB2-4DB6-9AC8-87EB6CFB988C}.Release|Any CPU.Build.0 = Release|Any CPU
		{F22C4B34-BEB2-4DB6-9AC8-87EB6CFB988C}.Release|Any CPU.Deploy.0 = Release|Any CPU
		{F22C4B34-BEB2-4DB6-9AC8-87EB6CFB988C}.Release|ARM.ActiveCfg = Release|Any CPU
		{F22C4B34-BEB2-4DB6-9AC8-87EB6CFB988C}.Release|ARM.Build.0 = Release|Any CPU
		{F22C4B34-BEB2-4DB6-9AC8-87EB6CFB988C}.Release|ARM.Deploy.0 = Release|Any CPU
		{F22C4B34-BEB2-4DB6-9AC8-87EB6CFB988C}.Release|iPhone.ActiveCfg = Release|Any CPU
		{F22C4B34-BEB2-4DB6-9AC8-87EB6CFB988C}.Release|iPhone.Build.0 = Release|Any CPU
		{F22C4B34-BEB2-4DB6-9AC8-87EB6CFB988C}.Release|iPhone.Deploy.0 = Release|Any CPU
		{F22C4B34-BEB2-4DB6-9AC8-87EB6CFB988C}.Release|iPhoneSimulator.ActiveCfg = Release|Any CPU
		{F22C4B34-BEB2-4DB6-9AC8-87EB6CFB988C}.Release|iPhoneSimulator.Build.0 = Release|Any CPU
		{F22C4B34-BEB2-4DB6-9AC8-87EB6CFB988C}.Release|iPhoneSimulator.Deploy.0 = Release|Any CPU
		{F22C4B34-BEB2-4DB6-9AC8-87EB6CFB988C}.Release|x64.ActiveCfg = Release|Any CPU
		{F22C4B34-BEB2-4DB6-9AC8-87EB6CFB988C}.Release|x64.Build.0 = Release|Any CPU
		{F22C4B34-BEB2-4DB6-9AC8-87EB6CFB988C}.Release|x64.Deploy.0 = Release|Any CPU
		{F22C4B34-BEB2-4DB6-9AC8-87EB6CFB988C}.Release|x86.ActiveCfg = Release|Any CPU
		{F22C4B34-BEB2-4DB6-9AC8-87EB6CFB988C}.Release|x86.Build.0 = Release|Any CPU
		{F22C4B34-BEB2-4DB6-9AC8-87EB6CFB988C}.Release|x86.Deploy.0 = Release|Any CPU
		{BF57B03E-1CE5-4D39-B3B6-4C4629892506}.Debug|Any CPU.ActiveCfg = Debug|iPhone
		{BF57B03E-1CE5-4D39-B3B6-4C4629892506}.Debug|Any CPU.Build.0 = Debug|iPhone
		{BF57B03E-1CE5-4D39-B3B6-4C4629892506}.Debug|Any CPU.Deploy.0 = Debug|iPhone
		{BF57B03E-1CE5-4D39-B3B6-4C4629892506}.Debug|ARM.ActiveCfg = Debug|iPhone
		{BF57B03E-1CE5-4D39-B3B6-4C4629892506}.Debug|ARM.Build.0 = Debug|iPhone
		{BF57B03E-1CE5-4D39-B3B6-4C4629892506}.Debug|ARM.Deploy.0 = Debug|iPhone
		{BF57B03E-1CE5-4D39-B3B6-4C4629892506}.Debug|iPhone.ActiveCfg = Debug|iPhone
		{BF57B03E-1CE5-4D39-B3B6-4C4629892506}.Debug|iPhone.Build.0 = Debug|iPhone
		{BF57B03E-1CE5-4D39-B3B6-4C4629892506}.Debug|iPhone.Deploy.0 = Debug|iPhone
		{BF57B03E-1CE5-4D39-B3B6-4C4629892506}.Debug|iPhoneSimulator.ActiveCfg = Debug|iPhoneSimulator
		{BF57B03E-1CE5-4D39-B3B6-4C4629892506}.Debug|iPhoneSimulator.Build.0 = Debug|iPhoneSimulator
		{BF57B03E-1CE5-4D39-B3B6-4C4629892506}.Debug|iPhoneSimulator.Deploy.0 = Debug|iPhoneSimulator
		{BF57B03E-1CE5-4D39-B3B6-4C4629892506}.Debug|x64.ActiveCfg = Debug|iPhone
		{BF57B03E-1CE5-4D39-B3B6-4C4629892506}.Debug|x64.Build.0 = Debug|iPhone
		{BF57B03E-1CE5-4D39-B3B6-4C4629892506}.Debug|x64.Deploy.0 = Debug|iPhone
		{BF57B03E-1CE5-4D39-B3B6-4C4629892506}.Debug|x86.ActiveCfg = Debug|iPhone
		{BF57B03E-1CE5-4D39-B3B6-4C4629892506}.Debug|x86.Build.0 = Debug|iPhone
		{BF57B03E-1CE5-4D39-B3B6-4C4629892506}.Debug|x86.Deploy.0 = Debug|iPhone
		{BF57B03E-1CE5-4D39-B3B6-4C4629892506}.Release|Any CPU.ActiveCfg = Release|iPhone
		{BF57B03E-1CE5-4D39-B3B6-4C4629892506}.Release|Any CPU.Build.0 = Release|iPhone
		{BF57B03E-1CE5-4D39-B3B6-4C4629892506}.Release|Any CPU.Deploy.0 = Release|iPhone
		{BF57B03E-1CE5-4D39-B3B6-4C4629892506}.Release|ARM.ActiveCfg = Release|iPhone
		{BF57B03E-1CE5-4D39-B3B6-4C4629892506}.Release|ARM.Build.0 = Release|iPhone
		{BF57B03E-1CE5-4D39-B3B6-4C4629892506}.Release|ARM.Deploy.0 = Release|iPhone
		{BF57B03E-1CE5-4D39-B3B6-4C4629892506}.Release|iPhone.ActiveCfg = Release|iPhone
		{BF57B03E-1CE5-4D39-B3B6-4C4629892506}.Release|iPhone.Build.0 = Release|iPhone
		{BF57B03E-1CE5-4D39-B3B6-4C4629892506}.Release|iPhone.Deploy.0 = Release|iPhone
		{BF57B03E-1CE5-4D39-B3B6-4C4629892506}.Release|iPhoneSimulator.ActiveCfg = Release|iPhoneSimulator
		{BF57B03E-1CE5-4D39-B3B6-4C4629892506}.Release|iPhoneSimulator.Build.0 = Release|iPhoneSimulator
		{BF57B03E-1CE5-4D39-B3B6-4C4629892506}.Release|iPhoneSimulator.Deploy.0 = Release|iPhoneSimulator
		{BF57B03E-1CE5-4D39-B3B6-4C4629892506}.Release|x64.ActiveCfg = Release|iPhone
		{BF57B03E-1CE5-4D39-B3B6-4C4629892506}.Release|x64.Build.0 = Release|iPhone
		{BF57B03E-1CE5-4D39-B3B6-4C4629892506}.Release|x64.Deploy.0 = Release|iPhone
		{BF57B03E-1CE5-4D39-B3B6-4C4629892506}.Release|x86.ActiveCfg = Release|iPhone
		{BF57B03E-1CE5-4D39-B3B6-4C4629892506}.Release|x86.Build.0 = Release|iPhone
		{BF57B03E-1CE5-4D39-B3B6-4C4629892506}.Release|x86.Deploy.0 = Release|iPhone
		{8BCB5997-F3EA-4CBB-8DC1-7E09A04CB980}.Debug|Any CPU.ActiveCfg = Debug|Any CPU
		{8BCB5997-F3EA-4CBB-8DC1-7E09A04CB980}.Debug|Any CPU.Build.0 = Debug|Any CPU
		{8BCB5997-F3EA-4CBB-8DC1-7E09A04CB980}.Debug|Any CPU.Deploy.0 = Debug|Any CPU
		{8BCB5997-F3EA-4CBB-8DC1-7E09A04CB980}.Debug|ARM.ActiveCfg = Debug|Any CPU
		{8BCB5997-F3EA-4CBB-8DC1-7E09A04CB980}.Debug|ARM.Build.0 = Debug|Any CPU
		{8BCB5997-F3EA-4CBB-8DC1-7E09A04CB980}.Debug|ARM.Deploy.0 = Debug|Any CPU
		{8BCB5997-F3EA-4CBB-8DC1-7E09A04CB980}.Debug|iPhone.ActiveCfg = Debug|Any CPU
		{8BCB5997-F3EA-4CBB-8DC1-7E09A04CB980}.Debug|iPhone.Build.0 = Debug|Any CPU
		{8BCB5997-F3EA-4CBB-8DC1-7E09A04CB980}.Debug|iPhone.Deploy.0 = Debug|Any CPU
		{8BCB5997-F3EA-4CBB-8DC1-7E09A04CB980}.Debug|iPhoneSimulator.ActiveCfg = Debug|Any CPU
		{8BCB5997-F3EA-4CBB-8DC1-7E09A04CB980}.Debug|iPhoneSimulator.Build.0 = Debug|Any CPU
		{8BCB5997-F3EA-4CBB-8DC1-7E09A04CB980}.Debug|iPhoneSimulator.Deploy.0 = Debug|Any CPU
		{8BCB5997-F3EA-4CBB-8DC1-7E09A04CB980}.Debug|x64.ActiveCfg = Debug|Any CPU
		{8BCB5997-F3EA-4CBB-8DC1-7E09A04CB980}.Debug|x64.Build.0 = Debug|Any CPU
		{8BCB5997-F3EA-4CBB-8DC1-7E09A04CB980}.Debug|x64.Deploy.0 = Debug|Any CPU
		{8BCB5997-F3EA-4CBB-8DC1-7E09A04CB980}.Debug|x86.ActiveCfg = Debug|Any CPU
		{8BCB5997-F3EA-4CBB-8DC1-7E09A04CB980}.Debug|x86.Build.0 = Debug|Any CPU
		{8BCB5997-F3EA-4CBB-8DC1-7E09A04CB980}.Debug|x86.Deploy.0 = Debug|Any CPU
		{8BCB5997-F3EA-4CBB-8DC1-7E09A04CB980}.Release|Any CPU.ActiveCfg = Release|Any CPU
		{8BCB5997-F3EA-4CBB-8DC1-7E09A04CB980}.Release|Any CPU.Build.0 = Release|Any CPU
		{8BCB5997-F3EA-4CBB-8DC1-7E09A04CB980}.Release|Any CPU.Deploy.0 = Release|Any CPU
		{8BCB5997-F3EA-4CBB-8DC1-7E09A04CB980}.Release|ARM.ActiveCfg = Release|Any CPU
		{8BCB5997-F3EA-4CBB-8DC1-7E09A04CB980}.Release|ARM.Build.0 = Release|Any CPU
		{8BCB5997-F3EA-4CBB-8DC1-7E09A04CB980}.Release|ARM.Deploy.0 = Release|Any CPU
		{8BCB5997-F3EA-4CBB-8DC1-7E09A04CB980}.Release|iPhone.ActiveCfg = Release|Any CPU
		{8BCB5997-F3EA-4CBB-8DC1-7E09A04CB980}.Release|iPhone.Build.0 = Release|Any CPU
		{8BCB5997-F3EA-4CBB-8DC1-7E09A04CB980}.Release|iPhone.Deploy.0 = Release|Any CPU
		{8BCB5997-F3EA-4CBB-8DC1-7E09A04CB980}.Release|iPhoneSimulator.ActiveCfg = Release|Any CPU
		{8BCB5997-F3EA-4CBB-8DC1-7E09A04CB980}.Release|iPhoneSimulator.Build.0 = Release|Any CPU
		{8BCB5997-F3EA-4CBB-8DC1-7E09A04CB980}.Release|iPhoneSimulator.Deploy.0 = Release|Any CPU
		{8BCB5997-F3EA-4CBB-8DC1-7E09A04CB980}.Release|x64.ActiveCfg = Release|Any CPU
		{8BCB5997-F3EA-4CBB-8DC1-7E09A04CB980}.Release|x64.Build.0 = Release|Any CPU
		{8BCB5997-F3EA-4CBB-8DC1-7E09A04CB980}.Release|x64.Deploy.0 = Release|Any CPU
		{8BCB5997-F3EA-4CBB-8DC1-7E09A04CB980}.Release|x86.ActiveCfg = Release|Any CPU
		{8BCB5997-F3EA-4CBB-8DC1-7E09A04CB980}.Release|x86.Build.0 = Release|Any CPU
		{8BCB5997-F3EA-4CBB-8DC1-7E09A04CB980}.Release|x86.Deploy.0 = Release|Any CPU
	EndGlobalSection
	GlobalSection(SolutionProperties) = preSolution
		HideSolutionNode = FALSE
	EndGlobalSection
	GlobalSection(ExtensibilityGlobals) = postSolution
		SolutionGuid = {1093ADFB-2BC5-40F6-956D-BD2E3845B4C9}
	EndGlobalSection
EndGlobal
