
Microsoft Visual Studio Solution File, Format Version 12.00
# Visual Studio Version 16
VisualStudioVersion = 16.0.30011.22
MinimumVisualStudioVersion = 10.0.40219.1
Project("{FAE04EC0-301F-11D3-BF4B-00C04F79EFBC}") = "App01_ControleXF.UWP", "App01_ControleXF\App01_ControleXF.UWP\App01_ControleXF.UWP.csproj", "{6E51D697-29C3-4182-A2CB-7AC6352932A4}"
EndProject
Project("{FAE04EC0-301F-11D3-BF4B-00C04F79EFBC}") = "App01_ControleXF.Android", "App01_ControleXF\App01_ControleXF.Android\App01_ControleXF.Android.csproj", "{03DBB040-9587-4253-9638-D77070CDE69D}"
EndProject
Project("{FAE04EC0-301F-11D3-BF4B-00C04F79EFBC}") = "App01_ControleXF.iOS", "App01_ControleXF\App01_ControleXF.iOS\App01_ControleXF.iOS.csproj", "{8B682028-1D34-4C39-AACA-9B9A7F103CA1}"
EndProject
Project("{FAE04EC0-301F-11D3-BF4B-00C04F79EFBC}") = "App01_ControleXF", "App01_ControleXF\App01_ControleXF\App01_ControleXF.csproj", "{2B25D680-6128-4D91-8CAF-89A9A8314C91}"
EndProject
Global
	GlobalSection(SolutionConfigurationPlatforms) = preSolution
		Debug|Any CPU = Debug|Any CPU
		Debug|ARM = Debug|ARM
		Debug|iPhone = Debug|iPhone
		Debug|iPhoneSimulator = Debug|iPhoneSimulator
		Debug|x64 = Debug|x64
		Debug|x86 = Debug|x86
		Release|Any CPU = Release|Any CPU
		Release|ARM = Release|ARM
		Release|iPhone = Release|iPhone
		Release|iPhoneSimulator = Release|iPhoneSimulator
		Release|x64 = Release|x64
		Release|x86 = Release|x86
	EndGlobalSection
	GlobalSection(ProjectConfigurationPlatforms) = postSolution
		{6E51D697-29C3-4182-A2CB-7AC6352932A4}.Debug|Any CPU.ActiveCfg = Debug|x86
		{6E51D697-29C3-4182-A2CB-7AC6352932A4}.Debug|Any CPU.Build.0 = Debug|x86
		{6E51D697-29C3-4182-A2CB-7AC6352932A4}.Debug|Any CPU.Deploy.0 = Debug|x86
		{6E51D697-29C3-4182-A2CB-7AC6352932A4}.Debug|ARM.ActiveCfg = Debug|ARM
		{6E51D697-29C3-4182-A2CB-7AC6352932A4}.Debug|ARM.Build.0 = Debug|ARM
		{6E51D697-29C3-4182-A2CB-7AC6352932A4}.Debug|ARM.Deploy.0 = Debug|ARM
		{6E51D697-29C3-4182-A2CB-7AC6352932A4}.Debug|iPhone.ActiveCfg = Debug|x86
		{6E51D697-29C3-4182-A2CB-7AC6352932A4}.Debug|iPhone.Build.0 = Debug|x86
		{6E51D697-29C3-4182-A2CB-7AC6352932A4}.Debug|iPhone.Deploy.0 = Debug|x86
		{6E51D697-29C3-4182-A2CB-7AC6352932A4}.Debug|iPhoneSimulator.ActiveCfg = Debug|x86
		{6E51D697-29C3-4182-A2CB-7AC6352932A4}.Debug|iPhoneSimulator.Build.0 = Debug|x86
		{6E51D697-29C3-4182-A2CB-7AC6352932A4}.Debug|iPhoneSimulator.Deploy.0 = Debug|x86
		{6E51D697-29C3-4182-A2CB-7AC6352932A4}.Debug|x64.ActiveCfg = Debug|x64
		{6E51D697-29C3-4182-A2CB-7AC6352932A4}.Debug|x64.Build.0 = Debug|x64
		{6E51D697-29C3-4182-A2CB-7AC6352932A4}.Debug|x64.Deploy.0 = Debug|x64
		{6E51D697-29C3-4182-A2CB-7AC6352932A4}.Debug|x86.ActiveCfg = Debug|x86
		{6E51D697-29C3-4182-A2CB-7AC6352932A4}.Debug|x86.Build.0 = Debug|x86
		{6E51D697-29C3-4182-A2CB-7AC6352932A4}.Debug|x86.Deploy.0 = Debug|x86
		{6E51D697-29C3-4182-A2CB-7AC6352932A4}.Release|Any CPU.ActiveCfg = Release|x86
		{6E51D697-29C3-4182-A2CB-7AC6352932A4}.Release|Any CPU.Build.0 = Release|x86
		{6E51D697-29C3-4182-A2CB-7AC6352932A4}.Release|Any CPU.Deploy.0 = Release|x86
		{6E51D697-29C3-4182-A2CB-7AC6352932A4}.Release|ARM.ActiveCfg = Release|ARM
		{6E51D697-29C3-4182-A2CB-7AC6352932A4}.Release|ARM.Build.0 = Release|ARM
		{6E51D697-29C3-4182-A2CB-7AC6352932A4}.Release|ARM.Deploy.0 = Release|ARM
		{6E51D697-29C3-4182-A2CB-7AC6352932A4}.Release|iPhone.ActiveCfg = Release|x86
		{6E51D697-29C3-4182-A2CB-7AC6352932A4}.Release|iPhone.Build.0 = Release|x86
		{6E51D697-29C3-4182-A2CB-7AC6352932A4}.Release|iPhone.Deploy.0 = Release|x86
		{6E51D697-29C3-4182-A2CB-7AC6352932A4}.Release|iPhoneSimulator.ActiveCfg = Release|x86
		{6E51D697-29C3-4182-A2CB-7AC6352932A4}.Release|iPhoneSimulator.Build.0 = Release|x86
		{6E51D697-29C3-4182-A2CB-7AC6352932A4}.Release|iPhoneSimulator.Deploy.0 = Release|x86
		{6E51D697-29C3-4182-A2CB-7AC6352932A4}.Release|x64.ActiveCfg = Release|x64
		{6E51D697-29C3-4182-A2CB-7AC6352932A4}.Release|x64.Build.0 = Release|x64
		{6E51D697-29C3-4182-A2CB-7AC6352932A4}.Release|x64.Deploy.0 = Release|x64
		{6E51D697-29C3-4182-A2CB-7AC6352932A4}.Release|x86.ActiveCfg = Release|x86
		{6E51D697-29C3-4182-A2CB-7AC6352932A4}.Release|x86.Build.0 = Release|x86
		{6E51D697-29C3-4182-A2CB-7AC6352932A4}.Release|x86.Deploy.0 = Release|x86
		{03DBB040-9587-4253-9638-D77070CDE69D}.Debug|Any CPU.ActiveCfg = Debug|Any CPU
		{03DBB040-9587-4253-9638-D77070CDE69D}.Debug|Any CPU.Build.0 = Debug|Any CPU
		{03DBB040-9587-4253-9638-D77070CDE69D}.Debug|Any CPU.Deploy.0 = Debug|Any CPU
		{03DBB040-9587-4253-9638-D77070CDE69D}.Debug|ARM.ActiveCfg = Debug|Any CPU
		{03DBB040-9587-4253-9638-D77070CDE69D}.Debug|ARM.Build.0 = Debug|Any CPU
		{03DBB040-9587-4253-9638-D77070CDE69D}.Debug|ARM.Deploy.0 = Debug|Any CPU
		{03DBB040-9587-4253-9638-D77070CDE69D}.Debug|iPhone.ActiveCfg = Debug|Any CPU
		{03DBB040-9587-4253-9638-D77070CDE69D}.Debug|iPhone.Build.0 = Debug|Any CPU
		{03DBB040-9587-4253-9638-D77070CDE69D}.Debug|iPhone.Deploy.0 = Debug|Any CPU
		{03DBB040-9587-4253-9638-D77070CDE69D}.Debug|iPhoneSimulator.ActiveCfg = Debug|Any CPU
		{03DBB040-9587-4253-9638-D77070CDE69D}.Debug|iPhoneSimulator.Build.0 = Debug|Any CPU
		{03DBB040-9587-4253-9638-D77070CDE69D}.Debug|iPhoneSimulator.Deploy.0 = Debug|Any CPU
		{03DBB040-9587-4253-9638-D77070CDE69D}.Debug|x64.ActiveCfg = Debug|Any CPU
		{03DBB040-9587-4253-9638-D77070CDE69D}.Debug|x64.Build.0 = Debug|Any CPU
		{03DBB040-9587-4253-9638-D77070CDE69D}.Debug|x64.Deploy.0 = Debug|Any CPU
		{03DBB040-9587-4253-9638-D77070CDE69D}.Debug|x86.ActiveCfg = Debug|Any CPU
		{03DBB040-9587-4253-9638-D77070CDE69D}.Debug|x86.Build.0 = Debug|Any CPU
		{03DBB040-9587-4253-9638-D77070CDE69D}.Debug|x86.Deploy.0 = Debug|Any CPU
		{03DBB040-9587-4253-9638-D77070CDE69D}.Release|Any CPU.ActiveCfg = Release|Any CPU
		{03DBB040-9587-4253-9638-D77070CDE69D}.Release|Any CPU.Build.0 = Release|Any CPU
		{03DBB040-9587-4253-9638-D77070CDE69D}.Release|Any CPU.Deploy.0 = Release|Any CPU
		{03DBB040-9587-4253-9638-D77070CDE69D}.Release|ARM.ActiveCfg = Release|Any CPU
		{03DBB040-9587-4253-9638-D77070CDE69D}.Release|ARM.Build.0 = Release|Any CPU
		{03DBB040-9587-4253-9638-D77070CDE69D}.Release|ARM.Deploy.0 = Release|Any CPU
		{03DBB040-9587-4253-9638-D77070CDE69D}.Release|iPhone.ActiveCfg = Release|Any CPU
		{03DBB040-9587-4253-9638-D77070CDE69D}.Release|iPhone.Build.0 = Release|Any CPU
		{03DBB040-9587-4253-9638-D77070CDE69D}.Release|iPhone.Deploy.0 = Release|Any CPU
		{03DBB040-9587-4253-9638-D77070CDE69D}.Release|iPhoneSimulator.ActiveCfg = Release|Any CPU
		{03DBB040-9587-4253-9638-D77070CDE69D}.Release|iPhoneSimulator.Build.0 = Release|Any CPU
		{03DBB040-9587-4253-9638-D77070CDE69D}.Release|iPhoneSimulator.Deploy.0 = Release|Any CPU
		{03DBB040-9587-4253-9638-D77070CDE69D}.Release|x64.ActiveCfg = Release|Any CPU
		{03DBB040-9587-4253-9638-D77070CDE69D}.Release|x64.Build.0 = Release|Any CPU
		{03DBB040-9587-4253-9638-D77070CDE69D}.Release|x64.Deploy.0 = Release|Any CPU
		{03DBB040-9587-4253-9638-D77070CDE69D}.Release|x86.ActiveCfg = Release|Any CPU
		{03DBB040-9587-4253-9638-D77070CDE69D}.Release|x86.Build.0 = Release|Any CPU
		{03DBB040-9587-4253-9638-D77070CDE69D}.Release|x86.Deploy.0 = Release|Any CPU
		{8B682028-1D34-4C39-AACA-9B9A7F103CA1}.Debug|Any CPU.ActiveCfg = Debug|iPhone
		{8B682028-1D34-4C39-AACA-9B9A7F103CA1}.Debug|Any CPU.Build.0 = Debug|iPhone
		{8B682028-1D34-4C39-AACA-9B9A7F103CA1}.Debug|Any CPU.Deploy.0 = Debug|iPhone
		{8B682028-1D34-4C39-AACA-9B9A7F103CA1}.Debug|ARM.ActiveCfg = Debug|iPhone
		{8B682028-1D34-4C39-AACA-9B9A7F103CA1}.Debug|ARM.Build.0 = Debug|iPhone
		{8B682028-1D34-4C39-AACA-9B9A7F103CA1}.Debug|ARM.Deploy.0 = Debug|iPhone
		{8B682028-1D34-4C39-AACA-9B9A7F103CA1}.Debug|iPhone.ActiveCfg = Debug|iPhone
		{8B682028-1D34-4C39-AACA-9B9A7F103CA1}.Debug|iPhone.Build.0 = Debug|iPhone
		{8B682028-1D34-4C39-AACA-9B9A7F103CA1}.Debug|iPhone.Deploy.0 = Debug|iPhone
		{8B682028-1D34-4C39-AACA-9B9A7F103CA1}.Debug|iPhoneSimulator.ActiveCfg = Debug|iPhoneSimulator
		{8B682028-1D34-4C39-AACA-9B9A7F103CA1}.Debug|iPhoneSimulator.Build.0 = Debug|iPhoneSimulator
		{8B682028-1D34-4C39-AACA-9B9A7F103CA1}.Debug|iPhoneSimulator.Deploy.0 = Debug|iPhoneSimulator
		{8B682028-1D34-4C39-AACA-9B9A7F103CA1}.Debug|x64.ActiveCfg = Debug|iPhone
		{8B682028-1D34-4C39-AACA-9B9A7F103CA1}.Debug|x64.Build.0 = Debug|iPhone
		{8B682028-1D34-4C39-AACA-9B9A7F103CA1}.Debug|x64.Deploy.0 = Debug|iPhone
		{8B682028-1D34-4C39-AACA-9B9A7F103CA1}.Debug|x86.ActiveCfg = Debug|iPhone
		{8B682028-1D34-4C39-AACA-9B9A7F103CA1}.Debug|x86.Build.0 = Debug|iPhone
		{8B682028-1D34-4C39-AACA-9B9A7F103CA1}.Debug|x86.Deploy.0 = Debug|iPhone
		{8B682028-1D34-4C39-AACA-9B9A7F103CA1}.Release|Any CPU.ActiveCfg = Release|iPhone
		{8B682028-1D34-4C39-AACA-9B9A7F103CA1}.Release|Any CPU.Build.0 = Release|iPhone
		{8B682028-1D34-4C39-AACA-9B9A7F103CA1}.Release|Any CPU.Deploy.0 = Release|iPhone
		{8B682028-1D34-4C39-AACA-9B9A7F103CA1}.Release|ARM.ActiveCfg = Release|iPhone
		{8B682028-1D34-4C39-AACA-9B9A7F103CA1}.Release|ARM.Build.0 = Release|iPhone
		{8B682028-1D34-4C39-AACA-9B9A7F103CA1}.Release|ARM.Deploy.0 = Release|iPhone
		{8B682028-1D34-4C39-AACA-9B9A7F103CA1}.Release|iPhone.ActiveCfg = Release|iPhone
		{8B682028-1D34-4C39-AACA-9B9A7F103CA1}.Release|iPhone.Build.0 = Release|iPhone
		{8B682028-1D34-4C39-AACA-9B9A7F103CA1}.Release|iPhone.Deploy.0 = Release|iPhone
		{8B682028-1D34-4C39-AACA-9B9A7F103CA1}.Release|iPhoneSimulator.ActiveCfg = Release|iPhoneSimulator
		{8B682028-1D34-4C39-AACA-9B9A7F103CA1}.Release|iPhoneSimulator.Build.0 = Release|iPhoneSimulator
		{8B682028-1D34-4C39-AACA-9B9A7F103CA1}.Release|iPhoneSimulator.Deploy.0 = Release|iPhoneSimulator
		{8B682028-1D34-4C39-AACA-9B9A7F103CA1}.Release|x64.ActiveCfg = Release|iPhone
		{8B682028-1D34-4C39-AACA-9B9A7F103CA1}.Release|x64.Build.0 = Release|iPhone
		{8B682028-1D34-4C39-AACA-9B9A7F103CA1}.Release|x64.Deploy.0 = Release|iPhone
		{8B682028-1D34-4C39-AACA-9B9A7F103CA1}.Release|x86.ActiveCfg = Release|iPhone
		{8B682028-1D34-4C39-AACA-9B9A7F103CA1}.Release|x86.Build.0 = Release|iPhone
		{8B682028-1D34-4C39-AACA-9B9A7F103CA1}.Release|x86.Deploy.0 = Release|iPhone
		{2B25D680-6128-4D91-8CAF-89A9A8314C91}.Debug|Any CPU.ActiveCfg = Debug|Any CPU
		{2B25D680-6128-4D91-8CAF-89A9A8314C91}.Debug|Any CPU.Build.0 = Debug|Any CPU
		{2B25D680-6128-4D91-8CAF-89A9A8314C91}.Debug|Any CPU.Deploy.0 = Debug|Any CPU
		{2B25D680-6128-4D91-8CAF-89A9A8314C91}.Debug|ARM.ActiveCfg = Debug|Any CPU
		{2B25D680-6128-4D91-8CAF-89A9A8314C91}.Debug|ARM.Build.0 = Debug|Any CPU
		{2B25D680-6128-4D91-8CAF-89A9A8314C91}.Debug|ARM.Deploy.0 = Debug|Any CPU
		{2B25D680-6128-4D91-8CAF-89A9A8314C91}.Debug|iPhone.ActiveCfg = Debug|Any CPU
		{2B25D680-6128-4D91-8CAF-89A9A8314C91}.Debug|iPhone.Build.0 = Debug|Any CPU
		{2B25D680-6128-4D91-8CAF-89A9A8314C91}.Debug|iPhone.Deploy.0 = Debug|Any CPU
		{2B25D680-6128-4D91-8CAF-89A9A8314C91}.Debug|iPhoneSimulator.ActiveCfg = Debug|Any CPU
		{2B25D680-6128-4D91-8CAF-89A9A8314C91}.Debug|iPhoneSimulator.Build.0 = Debug|Any CPU
		{2B25D680-6128-4D91-8CAF-89A9A8314C91}.Debug|iPhoneSimulator.Deploy.0 = Debug|Any CPU
		{2B25D680-6128-4D91-8CAF-89A9A8314C91}.Debug|x64.ActiveCfg = Debug|Any CPU
		{2B25D680-6128-4D91-8CAF-89A9A8314C91}.Debug|x64.Build.0 = Debug|Any CPU
		{2B25D680-6128-4D91-8CAF-89A9A8314C91}.Debug|x64.Deploy.0 = Debug|Any CPU
		{2B25D680-6128-4D91-8CAF-89A9A8314C91}.Debug|x86.ActiveCfg = Debug|Any CPU
		{2B25D680-6128-4D91-8CAF-89A9A8314C91}.Debug|x86.Build.0 = Debug|Any CPU
		{2B25D680-6128-4D91-8CAF-89A9A8314C91}.Debug|x86.Deploy.0 = Debug|Any CPU
		{2B25D680-6128-4D91-8CAF-89A9A8314C91}.Release|Any CPU.ActiveCfg = Release|Any CPU
		{2B25D680-6128-4D91-8CAF-89A9A8314C91}.Release|Any CPU.Build.0 = Release|Any CPU
		{2B25D680-6128-4D91-8CAF-89A9A8314C91}.Release|Any CPU.Deploy.0 = Release|Any CPU
		{2B25D680-6128-4D91-8CAF-89A9A8314C91}.Release|ARM.ActiveCfg = Release|Any CPU
		{2B25D680-6128-4D91-8CAF-89A9A8314C91}.Release|ARM.Build.0 = Release|Any CPU
		{2B25D680-6128-4D91-8CAF-89A9A8314C91}.Release|ARM.Deploy.0 = Release|Any CPU
		{2B25D680-6128-4D91-8CAF-89A9A8314C91}.Release|iPhone.ActiveCfg = Release|Any CPU
		{2B25D680-6128-4D91-8CAF-89A9A8314C91}.Release|iPhone.Build.0 = Release|Any CPU
		{2B25D680-6128-4D91-8CAF-89A9A8314C91}.Release|iPhone.Deploy.0 = Release|Any CPU
		{2B25D680-6128-4D91-8CAF-89A9A8314C91}.Release|iPhoneSimulator.ActiveCfg = Release|Any CPU
		{2B25D680-6128-4D91-8CAF-89A9A8314C91}.Release|iPhoneSimulator.Build.0 = Release|Any CPU
		{2B25D680-6128-4D91-8CAF-89A9A8314C91}.Release|iPhoneSimulator.Deploy.0 = Release|Any CPU
		{2B25D680-6128-4D91-8CAF-89A9A8314C91}.Release|x64.ActiveCfg = Release|Any CPU
		{2B25D680-6128-4D91-8CAF-89A9A8314C91}.Release|x64.Build.0 = Release|Any CPU
		{2B25D680-6128-4D91-8CAF-89A9A8314C91}.Release|x64.Deploy.0 = Release|Any CPU
		{2B25D680-6128-4D91-8CAF-89A9A8314C91}.Release|x86.ActiveCfg = Release|Any CPU
		{2B25D680-6128-4D91-8CAF-89A9A8314C91}.Release|x86.Build.0 = Release|Any CPU
		{2B25D680-6128-4D91-8CAF-89A9A8314C91}.Release|x86.Deploy.0 = Release|Any CPU
	EndGlobalSection
	GlobalSection(SolutionProperties) = preSolution
		HideSolutionNode = FALSE
	EndGlobalSection
	GlobalSection(ExtensibilityGlobals) = postSolution
		SolutionGuid = {A6886F46-96A2-42BA-80C5-8E2A264149FB}
	EndGlobalSection
EndGlobal
