
Microsoft Visual Studio Solution File, Format Version 12.00
# Visual Studio Version 16
VisualStudioVersion = 16.0.30011.22
MinimumVisualStudioVersion = 10.0.40219.1
Project("{FAE04EC0-301F-11D3-BF4B-00C04F79EFBC}") = "App1_Cell.UWP", "App1_Cell\App1_Cell.UWP\App1_Cell.UWP.csproj", "{8EEA9322-5195-40A8-AC4E-A53687A8F4B0}"
EndProject
Project("{FAE04EC0-301F-11D3-BF4B-00C04F79EFBC}") = "App1_Cell.Android", "App1_Cell\App1_Cell.Android\App1_Cell.Android.csproj", "{A603CAF3-AC1A-4712-AB0F-799BE411B6A9}"
EndProject
Project("{FAE04EC0-301F-11D3-BF4B-00C04F79EFBC}") = "App1_Cell.iOS", "App1_Cell\App1_Cell.iOS\App1_Cell.iOS.csproj", "{3B46FEEC-59EE-4D6D-93FB-A195A1BB8277}"
EndProject
Project("{FAE04EC0-301F-11D3-BF4B-00C04F79EFBC}") = "App1_Cell", "App1_Cell\App1_Cell\App1_Cell.csproj", "{23540F5D-8994-4E6E-8DA2-306D067ACCAD}"
EndProject
Global
	GlobalSection(SolutionConfigurationPlatforms) = preSolution
		Debug|Any CPU = Debug|Any CPU
		Debug|ARM = Debug|ARM
		Debug|iPhone = Debug|iPhone
		Debug|iPhoneSimulator = Debug|iPhoneSimulator
		Debug|x64 = Debug|x64
		Debug|x86 = Debug|x86
		Release|Any CPU = Release|Any CPU
		Release|ARM = Release|ARM
		Release|iPhone = Release|iPhone
		Release|iPhoneSimulator = Release|iPhoneSimulator
		Release|x64 = Release|x64
		Release|x86 = Release|x86
	EndGlobalSection
	GlobalSection(ProjectConfigurationPlatforms) = postSolution
		{8EEA9322-5195-40A8-AC4E-A53687A8F4B0}.Debug|Any CPU.ActiveCfg = Debug|x86
		{8EEA9322-5195-40A8-AC4E-A53687A8F4B0}.Debug|Any CPU.Build.0 = Debug|x86
		{8EEA9322-5195-40A8-AC4E-A53687A8F4B0}.Debug|Any CPU.Deploy.0 = Debug|x86
		{8EEA9322-5195-40A8-AC4E-A53687A8F4B0}.Debug|ARM.ActiveCfg = Debug|ARM
		{8EEA9322-5195-40A8-AC4E-A53687A8F4B0}.Debug|ARM.Build.0 = Debug|ARM
		{8EEA9322-5195-40A8-AC4E-A53687A8F4B0}.Debug|ARM.Deploy.0 = Debug|ARM
		{8EEA9322-5195-40A8-AC4E-A53687A8F4B0}.Debug|iPhone.ActiveCfg = Debug|x86
		{8EEA9322-5195-40A8-AC4E-A53687A8F4B0}.Debug|iPhone.Build.0 = Debug|x86
		{8EEA9322-5195-40A8-AC4E-A53687A8F4B0}.Debug|iPhone.Deploy.0 = Debug|x86
		{8EEA9322-5195-40A8-AC4E-A53687A8F4B0}.Debug|iPhoneSimulator.ActiveCfg = Debug|x86
		{8EEA9322-5195-40A8-AC4E-A53687A8F4B0}.Debug|iPhoneSimulator.Build.0 = Debug|x86
		{8EEA9322-5195-40A8-AC4E-A53687A8F4B0}.Debug|iPhoneSimulator.Deploy.0 = Debug|x86
		{8EEA9322-5195-40A8-AC4E-A53687A8F4B0}.Debug|x64.ActiveCfg = Debug|x64
		{8EEA9322-5195-40A8-AC4E-A53687A8F4B0}.Debug|x64.Build.0 = Debug|x64
		{8EEA9322-5195-40A8-AC4E-A53687A8F4B0}.Debug|x64.Deploy.0 = Debug|x64
		{8EEA9322-5195-40A8-AC4E-A53687A8F4B0}.Debug|x86.ActiveCfg = Debug|x86
		{8EEA9322-5195-40A8-AC4E-A53687A8F4B0}.Debug|x86.Build.0 = Debug|x86
		{8EEA9322-5195-40A8-AC4E-A53687A8F4B0}.Debug|x86.Deploy.0 = Debug|x86
		{8EEA9322-5195-40A8-AC4E-A53687A8F4B0}.Release|Any CPU.ActiveCfg = Release|x86
		{8EEA9322-5195-40A8-AC4E-A53687A8F4B0}.Release|Any CPU.Build.0 = Release|x86
		{8EEA9322-5195-40A8-AC4E-A53687A8F4B0}.Release|Any CPU.Deploy.0 = Release|x86
		{8EEA9322-5195-40A8-AC4E-A53687A8F4B0}.Release|ARM.ActiveCfg = Release|ARM
		{8EEA9322-5195-40A8-AC4E-A53687A8F4B0}.Release|ARM.Build.0 = Release|ARM
		{8EEA9322-5195-40A8-AC4E-A53687A8F4B0}.Release|ARM.Deploy.0 = Release|ARM
		{8EEA9322-5195-40A8-AC4E-A53687A8F4B0}.Release|iPhone.ActiveCfg = Release|x86
		{8EEA9322-5195-40A8-AC4E-A53687A8F4B0}.Release|iPhone.Build.0 = Release|x86
		{8EEA9322-5195-40A8-AC4E-A53687A8F4B0}.Release|iPhone.Deploy.0 = Release|x86
		{8EEA9322-5195-40A8-AC4E-A53687A8F4B0}.Release|iPhoneSimulator.ActiveCfg = Release|x86
		{8EEA9322-5195-40A8-AC4E-A53687A8F4B0}.Release|iPhoneSimulator.Build.0 = Release|x86
		{8EEA9322-5195-40A8-AC4E-A53687A8F4B0}.Release|iPhoneSimulator.Deploy.0 = Release|x86
		{8EEA9322-5195-40A8-AC4E-A53687A8F4B0}.Release|x64.ActiveCfg = Release|x64
		{8EEA9322-5195-40A8-AC4E-A53687A8F4B0}.Release|x64.Build.0 = Release|x64
		{8EEA9322-5195-40A8-AC4E-A53687A8F4B0}.Release|x64.Deploy.0 = Release|x64
		{8EEA9322-5195-40A8-AC4E-A53687A8F4B0}.Release|x86.ActiveCfg = Release|x86
		{8EEA9322-5195-40A8-AC4E-A53687A8F4B0}.Release|x86.Build.0 = Release|x86
		{8EEA9322-5195-40A8-AC4E-A53687A8F4B0}.Release|x86.Deploy.0 = Release|x86
		{A603CAF3-AC1A-4712-AB0F-799BE411B6A9}.Debug|Any CPU.ActiveCfg = Debug|Any CPU
		{A603CAF3-AC1A-4712-AB0F-799BE411B6A9}.Debug|Any CPU.Build.0 = Debug|Any CPU
		{A603CAF3-AC1A-4712-AB0F-799BE411B6A9}.Debug|Any CPU.Deploy.0 = Debug|Any CPU
		{A603CAF3-AC1A-4712-AB0F-799BE411B6A9}.Debug|ARM.ActiveCfg = Debug|Any CPU
		{A603CAF3-AC1A-4712-AB0F-799BE411B6A9}.Debug|ARM.Build.0 = Debug|Any CPU
		{A603CAF3-AC1A-4712-AB0F-799BE411B6A9}.Debug|ARM.Deploy.0 = Debug|Any CPU
		{A603CAF3-AC1A-4712-AB0F-799BE411B6A9}.Debug|iPhone.ActiveCfg = Debug|Any CPU
		{A603CAF3-AC1A-4712-AB0F-799BE411B6A9}.Debug|iPhone.Build.0 = Debug|Any CPU
		{A603CAF3-AC1A-4712-AB0F-799BE411B6A9}.Debug|iPhone.Deploy.0 = Debug|Any CPU
		{A603CAF3-AC1A-4712-AB0F-799BE411B6A9}.Debug|iPhoneSimulator.ActiveCfg = Debug|Any CPU
		{A603CAF3-AC1A-4712-AB0F-799BE411B6A9}.Debug|iPhoneSimulator.Build.0 = Debug|Any CPU
		{A603CAF3-AC1A-4712-AB0F-799BE411B6A9}.Debug|iPhoneSimulator.Deploy.0 = Debug|Any CPU
		{A603CAF3-AC1A-4712-AB0F-799BE411B6A9}.Debug|x64.ActiveCfg = Debug|Any CPU
		{A603CAF3-AC1A-4712-AB0F-799BE411B6A9}.Debug|x64.Build.0 = Debug|Any CPU
		{A603CAF3-AC1A-4712-AB0F-799BE411B6A9}.Debug|x64.Deploy.0 = Debug|Any CPU
		{A603CAF3-AC1A-4712-AB0F-799BE411B6A9}.Debug|x86.ActiveCfg = Debug|Any CPU
		{A603CAF3-AC1A-4712-AB0F-799BE411B6A9}.Debug|x86.Build.0 = Debug|Any CPU
		{A603CAF3-AC1A-4712-AB0F-799BE411B6A9}.Debug|x86.Deploy.0 = Debug|Any CPU
		{A603CAF3-AC1A-4712-AB0F-799BE411B6A9}.Release|Any CPU.ActiveCfg = Release|Any CPU
		{A603CAF3-AC1A-4712-AB0F-799BE411B6A9}.Release|Any CPU.Build.0 = Release|Any CPU
		{A603CAF3-AC1A-4712-AB0F-799BE411B6A9}.Release|Any CPU.Deploy.0 = Release|Any CPU
		{A603CAF3-AC1A-4712-AB0F-799BE411B6A9}.Release|ARM.ActiveCfg = Release|Any CPU
		{A603CAF3-AC1A-4712-AB0F-799BE411B6A9}.Release|ARM.Build.0 = Release|Any CPU
		{A603CAF3-AC1A-4712-AB0F-799BE411B6A9}.Release|ARM.Deploy.0 = Release|Any CPU
		{A603CAF3-AC1A-4712-AB0F-799BE411B6A9}.Release|iPhone.ActiveCfg = Release|Any CPU
		{A603CAF3-AC1A-4712-AB0F-799BE411B6A9}.Release|iPhone.Build.0 = Release|Any CPU
		{A603CAF3-AC1A-4712-AB0F-799BE411B6A9}.Release|iPhone.Deploy.0 = Release|Any CPU
		{A603CAF3-AC1A-4712-AB0F-799BE411B6A9}.Release|iPhoneSimulator.ActiveCfg = Release|Any CPU
		{A603CAF3-AC1A-4712-AB0F-799BE411B6A9}.Release|iPhoneSimulator.Build.0 = Release|Any CPU
		{A603CAF3-AC1A-4712-AB0F-799BE411B6A9}.Release|iPhoneSimulator.Deploy.0 = Release|Any CPU
		{A603CAF3-AC1A-4712-AB0F-799BE411B6A9}.Release|x64.ActiveCfg = Release|Any CPU
		{A603CAF3-AC1A-4712-AB0F-799BE411B6A9}.Release|x64.Build.0 = Release|Any CPU
		{A603CAF3-AC1A-4712-AB0F-799BE411B6A9}.Release|x64.Deploy.0 = Release|Any CPU
		{A603CAF3-AC1A-4712-AB0F-799BE411B6A9}.Release|x86.ActiveCfg = Release|Any CPU
		{A603CAF3-AC1A-4712-AB0F-799BE411B6A9}.Release|x86.Build.0 = Release|Any CPU
		{A603CAF3-AC1A-4712-AB0F-799BE411B6A9}.Release|x86.Deploy.0 = Release|Any CPU
		{3B46FEEC-59EE-4D6D-93FB-A195A1BB8277}.Debug|Any CPU.ActiveCfg = Debug|iPhone
		{3B46FEEC-59EE-4D6D-93FB-A195A1BB8277}.Debug|Any CPU.Build.0 = Debug|iPhone
		{3B46FEEC-59EE-4D6D-93FB-A195A1BB8277}.Debug|Any CPU.Deploy.0 = Debug|iPhone
		{3B46FEEC-59EE-4D6D-93FB-A195A1BB8277}.Debug|ARM.ActiveCfg = Debug|iPhone
		{3B46FEEC-59EE-4D6D-93FB-A195A1BB8277}.Debug|ARM.Build.0 = Debug|iPhone
		{3B46FEEC-59EE-4D6D-93FB-A195A1BB8277}.Debug|ARM.Deploy.0 = Debug|iPhone
		{3B46FEEC-59EE-4D6D-93FB-A195A1BB8277}.Debug|iPhone.ActiveCfg = Debug|iPhone
		{3B46FEEC-59EE-4D6D-93FB-A195A1BB8277}.Debug|iPhone.Build.0 = Debug|iPhone
		{3B46FEEC-59EE-4D6D-93FB-A195A1BB8277}.Debug|iPhone.Deploy.0 = Debug|iPhone
		{3B46FEEC-59EE-4D6D-93FB-A195A1BB8277}.Debug|iPhoneSimulator.ActiveCfg = Debug|iPhoneSimulator
		{3B46FEEC-59EE-4D6D-93FB-A195A1BB8277}.Debug|iPhoneSimulator.Build.0 = Debug|iPhoneSimulator
		{3B46FEEC-59EE-4D6D-93FB-A195A1BB8277}.Debug|iPhoneSimulator.Deploy.0 = Debug|iPhoneSimulator
		{3B46FEEC-59EE-4D6D-93FB-A195A1BB8277}.Debug|x64.ActiveCfg = Debug|iPhone
		{3B46FEEC-59EE-4D6D-93FB-A195A1BB8277}.Debug|x64.Build.0 = Debug|iPhone
		{3B46FEEC-59EE-4D6D-93FB-A195A1BB8277}.Debug|x64.Deploy.0 = Debug|iPhone
		{3B46FEEC-59EE-4D6D-93FB-A195A1BB8277}.Debug|x86.ActiveCfg = Debug|iPhone
		{3B46FEEC-59EE-4D6D-93FB-A195A1BB8277}.Debug|x86.Build.0 = Debug|iPhone
		{3B46FEEC-59EE-4D6D-93FB-A195A1BB8277}.Debug|x86.Deploy.0 = Debug|iPhone
		{3B46FEEC-59EE-4D6D-93FB-A195A1BB8277}.Release|Any CPU.ActiveCfg = Release|iPhone
		{3B46FEEC-59EE-4D6D-93FB-A195A1BB8277}.Release|Any CPU.Build.0 = Release|iPhone
		{3B46FEEC-59EE-4D6D-93FB-A195A1BB8277}.Release|Any CPU.Deploy.0 = Release|iPhone
		{3B46FEEC-59EE-4D6D-93FB-A195A1BB8277}.Release|ARM.ActiveCfg = Release|iPhone
		{3B46FEEC-59EE-4D6D-93FB-A195A1BB8277}.Release|ARM.Build.0 = Release|iPhone
		{3B46FEEC-59EE-4D6D-93FB-A195A1BB8277}.Release|ARM.Deploy.0 = Release|iPhone
		{3B46FEEC-59EE-4D6D-93FB-A195A1BB8277}.Release|iPhone.ActiveCfg = Release|iPhone
		{3B46FEEC-59EE-4D6D-93FB-A195A1BB8277}.Release|iPhone.Build.0 = Release|iPhone
		{3B46FEEC-59EE-4D6D-93FB-A195A1BB8277}.Release|iPhone.Deploy.0 = Release|iPhone
		{3B46FEEC-59EE-4D6D-93FB-A195A1BB8277}.Release|iPhoneSimulator.ActiveCfg = Release|iPhoneSimulator
		{3B46FEEC-59EE-4D6D-93FB-A195A1BB8277}.Release|iPhoneSimulator.Build.0 = Release|iPhoneSimulator
		{3B46FEEC-59EE-4D6D-93FB-A195A1BB8277}.Release|iPhoneSimulator.Deploy.0 = Release|iPhoneSimulator
		{3B46FEEC-59EE-4D6D-93FB-A195A1BB8277}.Release|x64.ActiveCfg = Release|iPhone
		{3B46FEEC-59EE-4D6D-93FB-A195A1BB8277}.Release|x64.Build.0 = Release|iPhone
		{3B46FEEC-59EE-4D6D-93FB-A195A1BB8277}.Release|x64.Deploy.0 = Release|iPhone
		{3B46FEEC-59EE-4D6D-93FB-A195A1BB8277}.Release|x86.ActiveCfg = Release|iPhone
		{3B46FEEC-59EE-4D6D-93FB-A195A1BB8277}.Release|x86.Build.0 = Release|iPhone
		{3B46FEEC-59EE-4D6D-93FB-A195A1BB8277}.Release|x86.Deploy.0 = Release|iPhone
		{23540F5D-8994-4E6E-8DA2-306D067ACCAD}.Debug|Any CPU.ActiveCfg = Debug|Any CPU
		{23540F5D-8994-4E6E-8DA2-306D067ACCAD}.Debug|Any CPU.Build.0 = Debug|Any CPU
		{23540F5D-8994-4E6E-8DA2-306D067ACCAD}.Debug|Any CPU.Deploy.0 = Debug|Any CPU
		{23540F5D-8994-4E6E-8DA2-306D067ACCAD}.Debug|ARM.ActiveCfg = Debug|Any CPU
		{23540F5D-8994-4E6E-8DA2-306D067ACCAD}.Debug|ARM.Build.0 = Debug|Any CPU
		{23540F5D-8994-4E6E-8DA2-306D067ACCAD}.Debug|ARM.Deploy.0 = Debug|Any CPU
		{23540F5D-8994-4E6E-8DA2-306D067ACCAD}.Debug|iPhone.ActiveCfg = Debug|Any CPU
		{23540F5D-8994-4E6E-8DA2-306D067ACCAD}.Debug|iPhone.Build.0 = Debug|Any CPU
		{23540F5D-8994-4E6E-8DA2-306D067ACCAD}.Debug|iPhone.Deploy.0 = Debug|Any CPU
		{23540F5D-8994-4E6E-8DA2-306D067ACCAD}.Debug|iPhoneSimulator.ActiveCfg = Debug|Any CPU
		{23540F5D-8994-4E6E-8DA2-306D067ACCAD}.Debug|iPhoneSimulator.Build.0 = Debug|Any CPU
		{23540F5D-8994-4E6E-8DA2-306D067ACCAD}.Debug|iPhoneSimulator.Deploy.0 = Debug|Any CPU
		{23540F5D-8994-4E6E-8DA2-306D067ACCAD}.Debug|x64.ActiveCfg = Debug|Any CPU
		{23540F5D-8994-4E6E-8DA2-306D067ACCAD}.Debug|x64.Build.0 = Debug|Any CPU
		{23540F5D-8994-4E6E-8DA2-306D067ACCAD}.Debug|x64.Deploy.0 = Debug|Any CPU
		{23540F5D-8994-4E6E-8DA2-306D067ACCAD}.Debug|x86.ActiveCfg = Debug|Any CPU
		{23540F5D-8994-4E6E-8DA2-306D067ACCAD}.Debug|x86.Build.0 = Debug|Any CPU
		{23540F5D-8994-4E6E-8DA2-306D067ACCAD}.Debug|x86.Deploy.0 = Debug|Any CPU
		{23540F5D-8994-4E6E-8DA2-306D067ACCAD}.Release|Any CPU.ActiveCfg = Release|Any CPU
		{23540F5D-8994-4E6E-8DA2-306D067ACCAD}.Release|Any CPU.Build.0 = Release|Any CPU
		{23540F5D-8994-4E6E-8DA2-306D067ACCAD}.Release|Any CPU.Deploy.0 = Release|Any CPU
		{23540F5D-8994-4E6E-8DA2-306D067ACCAD}.Release|ARM.ActiveCfg = Release|Any CPU
		{23540F5D-8994-4E6E-8DA2-306D067ACCAD}.Release|ARM.Build.0 = Release|Any CPU
		{23540F5D-8994-4E6E-8DA2-306D067ACCAD}.Release|ARM.Deploy.0 = Release|Any CPU
		{23540F5D-8994-4E6E-8DA2-306D067ACCAD}.Release|iPhone.ActiveCfg = Release|Any CPU
		{23540F5D-8994-4E6E-8DA2-306D067ACCAD}.Release|iPhone.Build.0 = Release|Any CPU
		{23540F5D-8994-4E6E-8DA2-306D067ACCAD}.Release|iPhone.Deploy.0 = Release|Any CPU
		{23540F5D-8994-4E6E-8DA2-306D067ACCAD}.Release|iPhoneSimulator.ActiveCfg = Release|Any CPU
		{23540F5D-8994-4E6E-8DA2-306D067ACCAD}.Release|iPhoneSimulator.Build.0 = Release|Any CPU
		{23540F5D-8994-4E6E-8DA2-306D067ACCAD}.Release|iPhoneSimulator.Deploy.0 = Release|Any CPU
		{23540F5D-8994-4E6E-8DA2-306D067ACCAD}.Release|x64.ActiveCfg = Release|Any CPU
		{23540F5D-8994-4E6E-8DA2-306D067ACCAD}.Release|x64.Build.0 = Release|Any CPU
		{23540F5D-8994-4E6E-8DA2-306D067ACCAD}.Release|x64.Deploy.0 = Release|Any CPU
		{23540F5D-8994-4E6E-8DA2-306D067ACCAD}.Release|x86.ActiveCfg = Release|Any CPU
		{23540F5D-8994-4E6E-8DA2-306D067ACCAD}.Release|x86.Build.0 = Release|Any CPU
		{23540F5D-8994-4E6E-8DA2-306D067ACCAD}.Release|x86.Deploy.0 = Release|Any CPU
	EndGlobalSection
	GlobalSection(SolutionProperties) = preSolution
		HideSolutionNode = FALSE
	EndGlobalSection
	GlobalSection(ExtensibilityGlobals) = postSolution
		SolutionGuid = {D1AF7844-3AB4-4F0D-97AC-1AAAC080AEB2}
	EndGlobalSection
EndGlobal
